
Microsoft Visual Studio Solution File, Format Version 12.00
# Visual Studio Version 16
VisualStudioVersion = 16.0.31005.135
MinimumVisualStudioVersion = 10.0.40219.1
Project("{FAE04EC0-301F-11D3-BF4B-00C04F79EFBC}") = "isk30", "isk30\isk30.csproj", "{2E2674E8-9498-4926-A3E8-E6BB7019971A}"
EndProject
Global
	GlobalSection(SolutionConfigurationPlatforms) = preSolution
		Debug|Any CPU = Debug|Any CPU
		Release|Any CPU = Release|Any CPU
	EndGlobalSection
	GlobalSection(ProjectConfigurationPlatforms) = postSolution
		{2E2674E8-9498-4926-A3E8-E6BB7019971A}.Debug|Any CPU.ActiveCfg = Debug|Any CPU
		{2E2674E8-9498-4926-A3E8-E6BB7019971A}.Debug|Any CPU.Build.0 = Debug|Any CPU
		{2E2674E8-9498-4926-A3E8-E6BB7019971A}.Release|Any CPU.ActiveCfg = Release|Any CPU
		{2E2674E8-9498-4926-A3E8-E6BB7019971A}.Release|Any CPU.Build.0 = Release|Any CPU
	EndGlobalSection
	GlobalSection(SolutionProperties) = preSolution
		HideSolutionNode = FALSE
	EndGlobalSection
	GlobalSection(ExtensibilityGlobals) = postSolution
		SolutionGuid = {0C6DF10F-256A-48C5-B1A8-705A4F2839E5}
	EndGlobalSection
EndGlobal
